
Microsoft Visual Studio Solution File, Format Version 11.00
# Visual Studio 2010
Project("{FAE04EC0-301F-11D3-BF4B-00C04F79EFBC}") = "MassTransit.Transports.UltralightStomp", "MassTransit.Transports.UltralightStomp.csproj", "{C547A1A0-F081-4351-B2FF-8382F4A5CEAE}"
EndProject
Global
	GlobalSection(SolutionConfigurationPlatforms) = preSolution
		Debug|Any CPU = Debug|Any CPU
		Release|Any CPU = Release|Any CPU
	EndGlobalSection
	GlobalSection(ProjectConfigurationPlatforms) = postSolution
		{C547A1A0-F081-4351-B2FF-8382F4A5CEAE}.Debug|Any CPU.ActiveCfg = Debug|Any CPU
		{C547A1A0-F081-4351-B2FF-8382F4A5CEAE}.Debug|Any CPU.Build.0 = Debug|Any CPU
		{C547A1A0-F081-4351-B2FF-8382F4A5CEAE}.Release|Any CPU.ActiveCfg = Release|Any CPU
		{C547A1A0-F081-4351-B2FF-8382F4A5CEAE}.Release|Any CPU.Build.0 = Release|Any CPU
	EndGlobalSection
	GlobalSection(SolutionProperties) = preSolution
		HideSolutionNode = FALSE
	EndGlobalSection
EndGlobal
